
Microsoft Visual Studio Solution File, Format Version 12.00
# Visual Studio Version 17
VisualStudioVersion = 17.13.35931.197
MinimumVisualStudioVersion = 10.0.40219.1
Project("{FAE04EC0-301F-11D3-BF4B-00C04F79EFBC}") = "AegisToolChain", "AegisToolChain\AegisToolChain.csproj", "{5C5C72FB-E8A1-48AC-A030-7DE022F0A9A5}"
EndProject
Global
	GlobalSection(SolutionConfigurationPlatforms) = preSolution
		Debug|Any CPU = Debug|Any CPU
		Release|Any CPU = Release|Any CPU
	EndGlobalSection
	GlobalSection(ProjectConfigurationPlatforms) = postSolution
		{5C5C72FB-E8A1-48AC-A030-7DE022F0A9A5}.Debug|Any CPU.ActiveCfg = Debug|Any CPU
		{5C5C72FB-E8A1-48AC-A030-7DE022F0A9A5}.Debug|Any CPU.Build.0 = Debug|Any CPU
		{5C5C72FB-E8A1-48AC-A030-7DE022F0A9A5}.Release|Any CPU.ActiveCfg = Release|Any CPU
		{5C5C72FB-E8A1-48AC-A030-7DE022F0A9A5}.Release|Any CPU.Build.0 = Release|Any CPU
	EndGlobalSection
	GlobalSection(SolutionProperties) = preSolution
		HideSolutionNode = FALSE
	EndGlobalSection
	GlobalSection(ExtensibilityGlobals) = postSolution
		SolutionGuid = {A48AA944-8ED9-4F6E-A523-2E20D4B435B4}
	EndGlobalSection
EndGlobal
